
Microsoft Visual Studio Solution File, Format Version 12.00
# Visual Studio Version 16
VisualStudioVersion = 16.0.30011.22
MinimumVisualStudioVersion = 10.0.40219.1
Project("{FAE04EC0-301F-11D3-BF4B-00C04F79EFBC}") = "WebSiteStatusChecker", "WebSiteStatusChecker.csproj", "{9845A6B0-8E93-4BDD-AD2E-63801EFE20B9}"
EndProject
Project("{FAE04EC0-301F-11D3-BF4B-00C04F79EFBC}") = "WebSiteStatusCheckerService", "WebSiteStatusCheckerService\WebSiteStatusCheckerService.csproj", "{7261157E-2610-4E01-8123-400DE0894CDE}"
EndProject
Project("{FAE04EC0-301F-11D3-BF4B-00C04F79EFBC}") = "WebSiteStatusCheckMailService", "WebSiteStatusCheckMailService\WebSiteStatusCheckMailService.csproj", "{52E50F43-EDDB-4756-A073-2E813451910B}"
EndProject
Global
	GlobalSection(SolutionConfigurationPlatforms) = preSolution
		Debug|Any CPU = Debug|Any CPU
		Release|Any CPU = Release|Any CPU
	EndGlobalSection
	GlobalSection(ProjectConfigurationPlatforms) = postSolution
		{9845A6B0-8E93-4BDD-AD2E-63801EFE20B9}.Debug|Any CPU.ActiveCfg = Debug|Any CPU
		{9845A6B0-8E93-4BDD-AD2E-63801EFE20B9}.Debug|Any CPU.Build.0 = Debug|Any CPU
		{9845A6B0-8E93-4BDD-AD2E-63801EFE20B9}.Release|Any CPU.ActiveCfg = Release|Any CPU
		{9845A6B0-8E93-4BDD-AD2E-63801EFE20B9}.Release|Any CPU.Build.0 = Release|Any CPU
		{7261157E-2610-4E01-8123-400DE0894CDE}.Debug|Any CPU.ActiveCfg = Debug|Any CPU
		{7261157E-2610-4E01-8123-400DE0894CDE}.Debug|Any CPU.Build.0 = Debug|Any CPU
		{7261157E-2610-4E01-8123-400DE0894CDE}.Release|Any CPU.ActiveCfg = Release|Any CPU
		{7261157E-2610-4E01-8123-400DE0894CDE}.Release|Any CPU.Build.0 = Release|Any CPU
		{52E50F43-EDDB-4756-A073-2E813451910B}.Debug|Any CPU.ActiveCfg = Debug|Any CPU
		{52E50F43-EDDB-4756-A073-2E813451910B}.Debug|Any CPU.Build.0 = Debug|Any CPU
		{52E50F43-EDDB-4756-A073-2E813451910B}.Release|Any CPU.ActiveCfg = Release|Any CPU
		{52E50F43-EDDB-4756-A073-2E813451910B}.Release|Any CPU.Build.0 = Release|Any CPU
	EndGlobalSection
	GlobalSection(SolutionProperties) = preSolution
		HideSolutionNode = FALSE
	EndGlobalSection
	GlobalSection(ExtensibilityGlobals) = postSolution
		SolutionGuid = {8824C263-F73A-4A93-98C5-62886647D70B}
	EndGlobalSection
EndGlobal
